// !$*UTF8*$!
{
	archiveVersion = 1;
	classes = {
	};
	objectVersion = 55;
	objects = {

/* Begin PBXBuildFile section */
		BDC42F0D2891B8D0000C60DB /* AppDelegate.swift in Sources */ = {isa = PBXBuildFile; fileRef = BDC42F0C2891B8D0000C60DB /* AppDelegate.swift */; };
		BDC42F0F2891B8D0000C60DB /* SceneDelegate.swift in Sources */ = {isa = PBXBuildFile; fileRef = BDC42F0E2891B8D0000C60DB /* SceneDelegate.swift */; };
		BDC42F112891B8D0000C60DB /* ViewController.swift in Sources */ = {isa = PBXBuildFile; fileRef = BDC42F102891B8D0000C60DB /* ViewController.swift */; };
		BDC42F142891B8D0000C60DB /* Main.storyboard in Resources */ = {isa = PBXBuildFile; fileRef = BDC42F122891B8D0000C60DB /* Main.storyboard */; };
		BDC42F162891B8D1000C60DB /* Assets.xcassets in Resources */ = {isa = PBXBuildFile; fileRef = BDC42F152891B8D1000C60DB /* Assets.xcassets */; };
		BDC42F192891B8D1000C60DB /* LaunchScreen.storyboard in Resources */ = {isa = PBXBuildFile; fileRef = BDC42F172891B8D1000C60DB /* LaunchScreen.storyboard */; };
		BDC42F242891B8D1000C60DB /* aboutMeeTests.swift in Sources */ = {isa = PBXBuildFile; fileRef = BDC42F232891B8D1000C60DB /* aboutMeeTests.swift */; };
		BDC42F2E2891B8D1000C60DB /* aboutMeeUITests.swift in Sources */ = {isa = PBXBuildFile; fileRef = BDC42F2D2891B8D1000C60DB /* aboutMeeUITests.swift */; };
		BDC42F302891B8D1000C60DB /* aboutMeeUITestsLaunchTests.swift in Sources */ = {isa = PBXBuildFile; fileRef = BDC42F2F2891B8D1000C60DB /* aboutMeeUITestsLaunchTests.swift */; };
/* End PBXBuildFile section */

/* Begin PBXContainerItemProxy section */
		BDC42F202891B8D1000C60DB /* PBXContainerItemProxy */ = {
			isa = PBXContainerItemProxy;
			containerPortal = BDC42F012891B8D0000C60DB /* Project object */;
			proxyType = 1;
			remoteGlobalIDString = BDC42F082891B8D0000C60DB;
			remoteInfo = aboutMee;
		};
		BDC42F2A2891B8D1000C60DB /* PBXContainerItemProxy */ = {
			isa = PBXContainerItemProxy;
			containerPortal = BDC42F012891B8D0000C60DB /* Project object */;
			proxyType = 1;
			remoteGlobalIDString = BDC42F082891B8D0000C60DB;
			remoteInfo = aboutMee;
		};
/* End PBXContainerItemProxy section */

/* Begin PBXFileReference section */
		BDC42F092891B8D0000C60DB /* aboutMee.app */ = {isa = PBXFileReference; explicitFileType = wrapper.application; includeInIndex = 0; path = aboutMee.app; sourceTree = BUILT_PRODUCTS_DIR; };
		BDC42F0C2891B8D0000C60DB /* AppDelegate.swift */ = {isa = PBXFileReference; lastKnownFileType = sourcecode.swift; path = AppDelegate.swift; sourceTree = "<group>"; };
		BDC42F0E2891B8D0000C60DB /* SceneDelegate.swift */ = {isa = PBXFileReference; lastKnownFileType = sourcecode.swift; path = SceneDelegate.swift; sourceTree = "<group>"; };
		BDC42F102891B8D0000C60DB /* ViewController.swift */ = {isa = PBXFileReference; lastKnownFileType = sourcecode.swift; path = ViewController.swift; sourceTree = "<group>"; };
		BDC42F132891B8D0000C60DB /* Base */ = {isa = PBXFileReference; lastKnownFileType = file.storyboard; name = Base; path = Base.lproj/Main.storyboard; sourceTree = "<group>"; };
		BDC42F152891B8D1000C60DB /* Assets.xcassets */ = {isa = PBXFileReference; lastKnownFileType = folder.assetcatalog; path = Assets.xcassets; sourceTree = "<group>"; };
		BDC42F182891B8D1000C60DB /* Base */ = {isa = PBXFileReference; lastKnownFileType = file.storyboard; name = Base; path = Base.lproj/LaunchScreen.storyboard; sourceTree = "<group>"; };
		BDC42F1A2891B8D1000C60DB /* Info.plist */ = {isa = PBXFileReference; lastKnownFileType = text.plist.xml; path = Info.plist; sourceTree = "<group>"; };
		BDC42F1F2891B8D1000C60DB /* aboutMeeTests.xctest */ = {isa = PBXFileReference; explicitFileType = wrapper.cfbundle; includeInIndex = 0; path = aboutMeeTests.xctest; sourceTree = BUILT_PRODUCTS_DIR; };
		BDC42F232891B8D1000C60DB /* aboutMeeTests.swift */ = {isa = PBXFileReference; lastKnownFileType = sourcecode.swift; path = aboutMeeTests.swift; sourceTree = "<group>"; };
		BDC42F292891B8D1000C60DB /* aboutMeeUITests.xctest */ = {isa = PBXFileReference; explicitFileType = wrapper.cfbundle; includeInIndex = 0; path = aboutMeeUITests.xctest; sourceTree = BUILT_PRODUCTS_DIR; };
		BDC42F2D2891B8D1000C60DB /* aboutMeeUITests.swift */ = {isa = PBXFileReference; lastKnownFileType = sourcecode.swift; path = aboutMeeUITests.swift; sourceTree = "<group>"; };
		BDC42F2F2891B8D1000C60DB /* aboutMeeUITestsLaunchTests.swift */ = {isa = PBXFileReference; lastKnownFileType = sourcecode.swift; path = aboutMeeUITestsLaunchTests.swift; sourceTree = "<group>"; };
/* End PBXFileReference section */

/* Begin PBXFrameworksBuildPhase section */
		BDC42F062891B8D0000C60DB /* Frameworks */ = {
			isa = PBXFrameworksBuildPhase;
			buildActionMask = 2147483647;
			files = (
			);
			runOnlyForDeploymentPostprocessing = 0;
		};
		BDC42F1C2891B8D1000C60DB /* Frameworks */ = {
			isa = PBXFrameworksBuildPhase;
			buildActionMask = 2147483647;
			files = (
			);
			runOnlyForDeploymentPostprocessing = 0;
		};
		BDC42F262891B8D1000C60DB /* Frameworks */ = {
			isa = PBXFrameworksBuildPhase;
			buildActionMask = 2147483647;
			files = (
			);
			runOnlyForDeploymentPostprocessing = 0;
		};
/* End PBXFrameworksBuildPhase section */

/* Begin PBXGroup section */
		BDC42F002891B8D0000C60DB = {
			isa = PBXGroup;
			children = (
				BDC42F0B2891B8D0000C60DB /* aboutMee */,
				BDC42F222891B8D1000C60DB /* aboutMeeTests */,
				BDC42F2C2891B8D1000C60DB /* aboutMeeUITests */,
				BDC42F0A2891B8D0000C60DB /* Products */,
			);
			sourceTree = "<group>";
		};
		BDC42F0A2891B8D0000C60DB /* Products */ = {
			isa = PBXGroup;
			children = (
				BDC42F092891B8D0000C60DB /* aboutMee.app */,
				BDC42F1F2891B8D1000C60DB /* aboutMeeTests.xctest */,
				BDC42F292891B8D1000C60DB /* aboutMeeUITests.xctest */,
			);
			name = Products;
			sourceTree = "<group>";
		};
		BDC42F0B2891B8D0000C60DB /* aboutMee */ = {
			isa = PBXGroup;
			children = (
				BDC42F0C2891B8D0000C60DB /* AppDelegate.swift */,
				BDC42F0E2891B8D0000C60DB /* SceneDelegate.swift */,
				BDC42F102891B8D0000C60DB /* ViewController.swift */,
				BDC42F122891B8D0000C60DB /* Main.storyboard */,
				BDC42F152891B8D1000C60DB /* Assets.xcassets */,
				BDC42F172891B8D1000C60DB /* LaunchScreen.storyboard */,
				BDC42F1A2891B8D1000C60DB /* Info.plist */,
			);
			path = aboutMee;
			sourceTree = "<group>";
		};
		BDC42F222891B8D1000C60DB /* aboutMeeTests */ = {
			isa = PBXGroup;
			children = (
				BDC42F232891B8D1000C60DB /* aboutMeeTests.swift */,
			);
			path = aboutMeeTests;
			sourceTree = "<group>";
		};
		BDC42F2C2891B8D1000C60DB /* aboutMeeUITests */ = {
			isa = PBXGroup;
			children = (
				BDC42F2D2891B8D1000C60DB /* aboutMeeUITests.swift */,
				BDC42F2F2891B8D1000C60DB /* aboutMeeUITestsLaunchTests.swift */,
			);
			path = aboutMeeUITests;
			sourceTree = "<group>";
		};
/* End PBXGroup section */

/* Begin PBXNativeTarget section */
		BDC42F082891B8D0000C60DB /* aboutMee */ = {
			isa = PBXNativeTarget;
			buildConfigurationList = BDC42F332891B8D2000C60DB /* Build configuration list for PBXNativeTarget "aboutMee" */;
			buildPhases = (
				BDC42F052891B8D0000C60DB /* Sources */,
				BDC42F062891B8D0000C60DB /* Frameworks */,
				BDC42F072891B8D0000C60DB /* Resources */,
			);
			buildRules = (
			);
			dependencies = (
			);
			name = aboutMee;
			productName = aboutMee;
			productReference = BDC42F092891B8D0000C60DB /* aboutMee.app */;
			productType = "com.apple.product-type.application";
		};
		BDC42F1E2891B8D1000C60DB /* aboutMeeTests */ = {
			isa = PBXNativeTarget;
			buildConfigurationList = BDC42F362891B8D2000C60DB /* Build configuration list for PBXNativeTarget "aboutMeeTests" */;
			buildPhases = (
				BDC42F1B2891B8D1000C60DB /* Sources */,
				BDC42F1C2891B8D1000C60DB /* Frameworks */,
				BDC42F1D2891B8D1000C60DB /* Resources */,
			);
			buildRules = (
			);
			dependencies = (
				BDC42F212891B8D1000C60DB /* PBXTargetDependency */,
			);
			name = aboutMeeTests;
			productName = aboutMeeTests;
			productReference = BDC42F1F2891B8D1000C60DB /* aboutMeeTests.xctest */;
			productType = "com.apple.product-type.bundle.unit-test";
		};
		BDC42F282891B8D1000C60DB /* aboutMeeUITests */ = {
			isa = PBXNativeTarget;
			buildConfigurationList = BDC42F392891B8D2000C60DB /* Build configuration list for PBXNativeTarget "aboutMeeUITests" */;
			buildPhases = (
				BDC42F252891B8D1000C60DB /* Sources */,
				BDC42F262891B8D1000C60DB /* Frameworks */,
				BDC42F272891B8D1000C60DB /* Resources */,
			);
			buildRules = (
			);
			dependencies = (
				BDC42F2B2891B8D1000C60DB /* PBXTargetDependency */,
			);
			name = aboutMeeUITests;
			productName = aboutMeeUITests;
			productReference = BDC42F292891B8D1000C60DB /* aboutMeeUITests.xctest */;
			productType = "com.apple.product-type.bundle.ui-testing";
		};
/* End PBXNativeTarget section */

/* Begin PBXProject section */
		BDC42F012891B8D0000C60DB /* Project object */ = {
			isa = PBXProject;
			attributes = {
				BuildIndependentTargetsInParallel = 1;
				LastSwiftUpdateCheck = 1340;
				LastUpgradeCheck = 1340;
				TargetAttributes = {
					BDC42F082891B8D0000C60DB = {
						CreatedOnToolsVersion = 13.4.1;
					};
					BDC42F1E2891B8D1000C60DB = {
						CreatedOnToolsVersion = 13.4.1;
						TestTargetID = BDC42F082891B8D0000C60DB;
					};
					BDC42F282891B8D1000C60DB = {
						CreatedOnToolsVersion = 13.4.1;
						TestTargetID = BDC42F082891B8D0000C60DB;
					};
				};
			};
			buildConfigurationList = BDC42F042891B8D0000C60DB /* Build configuration list for PBXProject "aboutMee" */;
			compatibilityVersion = "Xcode 13.0";
			developmentRegion = en;
			hasScannedForEncodings = 0;
			knownRegions = (
				en,
				Base,
			);
			mainGroup = BDC42F002891B8D0000C60DB;
			productRefGroup = BDC42F0A2891B8D0000C60DB /* Products */;
			projectDirPath = "";
			projectRoot = "";
			targets = (
				BDC42F082891B8D0000C60DB /* aboutMee */,
				BDC42F1E2891B8D1000C60DB /* aboutMeeTests */,
				BDC42F282891B8D1000C60DB /* aboutMeeUITests */,
			);
		};
/* End PBXProject section */

/* Begin PBXResourcesBuildPhase section */
		BDC42F072891B8D0000C60DB /* Resources */ = {
			isa = PBXResourcesBuildPhase;
			buildActionMask = 2147483647;
			files = (
				BDC42F192891B8D1000C60DB /* LaunchScreen.storyboard in Resources */,
				BDC42F162891B8D1000C60DB /* Assets.xcassets in Resources */,
				BDC42F142891B8D0000C60DB /* Main.storyboard in Resources */,
			);
			runOnlyForDeploymentPostprocessing = 0;
		};
		BDC42F1D2891B8D1000C60DB /* Resources */ = {
			isa = PBXResourcesBuildPhase;
			buildActionMask = 2147483647;
			files = (
			);
			runOnlyForDeploymentPostprocessing = 0;
		};
		BDC42F272891B8D1000C60DB /* Resources */ = {
			isa = PBXResourcesBuildPhase;
			buildActionMask = 2147483647;
			files = (
			);
			runOnlyForDeploymentPostprocessing = 0;
		};
/* End PBXResourcesBuildPhase section */

/* Begin PBXSourcesBuildPhase section */
		BDC42F052891B8D0000C60DB /* Sources */ = {
			isa = PBXSourcesBuildPhase;
			buildActionMask = 2147483647;
			files = (
				BDC42F112891B8D0000C60DB /* ViewController.swift in Sources */,
				BDC42F0D2891B8D0000C60DB /* AppDelegate.swift in Sources */,
				BDC42F0F2891B8D0000C60DB /* SceneDelegate.swift in Sources */,
			);
			runOnlyForDeploymentPostprocessing = 0;
		};
		BDC42F1B2891B8D1000C60DB /* Sources */ = {
			isa = PBXSourcesBuildPhase;
			buildActionMask = 2147483647;
			files = (
				BDC42F242891B8D1000C60DB /* aboutMeeTests.swift in Sources */,
			);
			runOnlyForDeploymentPostprocessing = 0;
		};
		BDC42F252891B8D1000C60DB /* Sources */ = {
			isa = PBXSourcesBuildPhase;
			buildActionMask = 2147483647;
			files = (
				BDC42F302891B8D1000C60DB /* aboutMeeUITestsLaunchTests.swift in Sources */,
				BDC42F2E2891B8D1000C60DB /* aboutMeeUITests.swift in Sources */,
			);
			runOnlyForDeploymentPostprocessing = 0;
		};
/* End PBXSourcesBuildPhase section */

/* Begin PBXTargetDependency section */
		BDC42F212891B8D1000C60DB /* PBXTargetDependency */ = {
			isa = PBXTargetDependency;
			target = BDC42F082891B8D0000C60DB /* aboutMee */;
			targetProxy = BDC42F202891B8D1000C60DB /* PBXContainerItemProxy */;
		};
		BDC42F2B2891B8D1000C60DB /* PBXTargetDependency */ = {
			isa = PBXTargetDependency;
			target = BDC42F082891B8D0000C60DB /* aboutMee */;
			targetProxy = BDC42F2A2891B8D1000C60DB /* PBXContainerItemProxy */;
		};
/* End PBXTargetDependency section */

/* Begin PBXVariantGroup section */
		BDC42F122891B8D0000C60DB /* Main.storyboard */ = {
			isa = PBXVariantGroup;
			children = (
				BDC42F132891B8D0000C60DB /* Base */,
			);
			name = Main.storyboard;
			sourceTree = "<group>";
		};
		BDC42F172891B8D1000C60DB /* LaunchScreen.storyboard */ = {
			isa = PBXVariantGroup;
			children = (
				BDC42F182891B8D1000C60DB /* Base */,
			);
			name = LaunchScreen.storyboard;
			sourceTree = "<group>";
		};
/* End PBXVariantGroup section */

/* Begin XCBuildConfiguration section */
		BDC42F312891B8D2000C60DB /* Debug */ = {
			isa = XCBuildConfiguration;
			buildSettings = {
				ALWAYS_SEARCH_USER_PATHS = NO;
				CLANG_ANALYZER_NONNULL = YES;
				CLANG_ANALYZER_NUMBER_OBJECT_CONVERSION = YES_AGGRESSIVE;
				CLANG_CXX_LANGUAGE_STANDARD = "gnu++17";
				CLANG_ENABLE_MODULES = YES;
				CLANG_ENABLE_OBJC_ARC = YES;
				CLANG_ENABLE_OBJC_WEAK = YES;
				CLANG_WARN_BLOCK_CAPTURE_AUTORELEASING = YES;
				CLANG_WARN_BOOL_CONVERSION = YES;
				CLANG_WARN_COMMA = YES;
				CLANG_WARN_CONSTANT_CONVERSION = YES;
				CLANG_WARN_DEPRECATED_OBJC_IMPLEMENTATIONS = YES;
				CLANG_WARN_DIRECT_OBJC_ISA_USAGE = YES_ERROR;
				CLANG_WARN_DOCUMENTATION_COMMENTS = YES;
				CLANG_WARN_EMPTY_BODY = YES;
				CLANG_WARN_ENUM_CONVERSION = YES;
				CLANG_WARN_INFINITE_RECURSION = YES;
				CLANG_WARN_INT_CONVERSION = YES;
				CLANG_WARN_NON_LITERAL_NULL_CONVERSION = YES;
				CLANG_WARN_OBJC_IMPLICIT_RETAIN_SELF = YES;
				CLANG_WARN_OBJC_LITERAL_CONVERSION = YES;
				CLANG_WARN_OBJC_ROOT_CLASS = YES_ERROR;
				CLANG_WARN_QUOTED_INCLUDE_IN_FRAMEWORK_HEADER = YES;
				CLANG_WARN_RANGE_LOOP_ANALYSIS = YES;
				CLANG_WARN_STRICT_PROTOTYPES = YES;
				CLANG_WARN_SUSPICIOUS_MOVE = YES;
				CLANG_WARN_UNGUARDED_AVAILABILITY = YES_AGGRESSIVE;
				CLANG_WARN_UNREACHABLE_CODE = YES;
				CLANG_WARN__DUPLICATE_METHOD_MATCH = YES;
				COPY_PHASE_STRIP = NO;
				DEBUG_INFORMATION_FORMAT = dwarf;
				ENABLE_STRICT_OBJC_MSGSEND = YES;
				ENABLE_TESTABILITY = YES;
				GCC_C_LANGUAGE_STANDARD = gnu11;
				GCC_DYNAMIC_NO_PIC = NO;
				GCC_NO_COMMON_BLOCKS = YES;
				GCC_OPTIMIZATION_LEVEL = 0;
				GCC_PREPROCESSOR_DEFINITIONS = (
					"DEBUG=1",
					"$(inherited)",
				);
				GCC_WARN_64_TO_32_BIT_CONVERSION = YES;
				GCC_WARN_ABOUT_RETURN_TYPE = YES_ERROR;
				GCC_WARN_UNDECLARED_SELECTOR = YES;
				GCC_WARN_UNINITIALIZED_AUTOS = YES_AGGRESSIVE;
				GCC_WARN_UNUSED_FUNCTION = YES;
				GCC_WARN_UNUSED_VARIABLE = YES;
				IPHONEOS_DEPLOYMENT_TARGET = 15.5;
				MTL_ENABLE_DEBUG_INFO = INCLUDE_SOURCE;
				MTL_FAST_MATH = YES;
				ONLY_ACTIVE_ARCH = YES;
				SDKROOT = iphoneos;
				SWIFT_ACTIVE_COMPILATION_CONDITIONS = DEBUG;
				SWIFT_OPTIMIZATION_LEVEL = "-Onone";
			};
			name = Debug;
		};
		BDC42F322891B8D2000C60DB /* Release */ = {
			isa = XCBuildConfiguration;
			buildSettings = {
				ALWAYS_SEARCH_USER_PATHS = NO;
				CLANG_ANALYZER_NONNULL = YES;
				CLANG_ANALYZER_NUMBER_OBJECT_CONVERSION = YES_AGGRESSIVE;
				CLANG_CXX_LANGUAGE_STANDARD = "gnu++17";
				CLANG_ENABLE_MODULES = YES;
				CLANG_ENABLE_OBJC_ARC = YES;
				CLANG_ENABLE_OBJC_WEAK = YES;
				CLANG_WARN_BLOCK_CAPTURE_AUTORELEASING = YES;
				CLANG_WARN_BOOL_CONVERSION = YES;
				CLANG_WARN_COMMA = YES;
				CLANG_WARN_CONSTANT_CONVERSION = YES;
				CLANG_WARN_DEPRECATED_OBJC_IMPLEMENTATIONS = YES;
				CLANG_WARN_DIRECT_OBJC_ISA_USAGE = YES_ERROR;
				CLANG_WARN_DOCUMENTATION_COMMENTS = YES;
				CLANG_WARN_EMPTY_BODY = YES;
				CLANG_WARN_ENUM_CONVERSION = YES;
				CLANG_WARN_INFINITE_RECURSION = YES;
				CLANG_WARN_INT_CONVERSION = YES;
				CLANG_WARN_NON_LITERAL_NULL_CONVERSION = YES;
				CLANG_WARN_OBJC_IMPLICIT_RETAIN_SELF = YES;
				CLANG_WARN_OBJC_LITERAL_CONVERSION = YES;
				CLANG_WARN_OBJC_ROOT_CLASS = YES_ERROR;
				CLANG_WARN_QUOTED_INCLUDE_IN_FRAMEWORK_HEADER = YES;
				CLANG_WARN_RANGE_LOOP_ANALYSIS = YES;
				CLANG_WARN_STRICT_PROTOTYPES = YES;
				CLANG_WARN_SUSPICIOUS_MOVE = YES;
				CLANG_WARN_UNGUARDED_AVAILABILITY = YES_AGGRESSIVE;
				CLANG_WARN_UNREACHABLE_CODE = YES;
				CLANG_WARN__DUPLICATE_METHOD_MATCH = YES;
				COPY_PHASE_STRIP = NO;
				DEBUG_INFORMATION_FORMAT = "dwarf-with-dsym";
				ENABLE_NS_ASSERTIONS = NO;
				ENABLE_STRICT_OBJC_MSGSEND = YES;
				GCC_C_LANGUAGE_STANDARD = gnu11;
				GCC_NO_COMMON_BLOCKS = YES;
				GCC_WARN_64_TO_32_BIT_CONVERSION = YES;
				GCC_WARN_ABOUT_RETURN_TYPE = YES_ERROR;
				GCC_WARN_UNDECLARED_SELECTOR = YES;
				GCC_WARN_UNINITIALIZED_AUTOS = YES_AGGRESSIVE;
				GCC_WARN_UNUSED_FUNCTION = YES;
				GCC_WARN_UNUSED_VARIABLE = YES;
				IPHONEOS_DEPLOYMENT_TARGET = 15.5;
				MTL_ENABLE_DEBUG_INFO = NO;
				MTL_FAST_MATH = YES;
				SDKROOT = iphoneos;
				SWIFT_COMPILATION_MODE = wholemodule;
				SWIFT_OPTIMIZATION_LEVEL = "-O";
				VALIDATE_PRODUCT = YES;
			};
			name = Release;
		};
		BDC42F342891B8D2000C60DB /* Debug */ = {
			isa = XCBuildConfiguration;
			buildSettings = {
				ASSETCATALOG_COMPILER_APPICON_NAME = AppIcon;
				ASSETCATALOG_COMPILER_GLOBAL_ACCENT_COLOR_NAME = AccentColor;
				CODE_SIGN_STYLE = Automatic;
				CURRENT_PROJECT_VERSION = 1;
				GENERATE_INFOPLIST_FILE = YES;
				INFOPLIST_FILE = aboutMee/Info.plist;
				INFOPLIST_KEY_UIApplicationSupportsIndirectInputEvents = YES;
				INFOPLIST_KEY_UILaunchStoryboardName = LaunchScreen;
				INFOPLIST_KEY_UIMainStoryboardFile = Main;
				INFOPLIST_KEY_UISupportedInterfaceOrientations_iPad = "UIInterfaceOrientationPortrait UIInterfaceOrientationPortraitUpsideDown UIInterfaceOrientationLandscapeLeft UIInterfaceOrientationLandscapeRight";
				INFOPLIST_KEY_UISupportedInterfaceOrientations_iPhone = "UIInterfaceOrientationPortrait UIInterfaceOrientationLandscapeLeft UIInterfaceOrientationLandscapeRight";
				LD_RUNPATH_SEARCH_PATHS = (
					"$(inherited)",
					"@executable_path/Frameworks",
				);
				MARKETING_VERSION = 1.0;
				PRODUCT_BUNDLE_IDENTIFIER = kwk.aboutMee;
				PRODUCT_NAME = "$(TARGET_NAME)";
				SWIFT_EMIT_LOC_STRINGS = YES;
				SWIFT_VERSION = 5.0;
				TARGETED_DEVICE_FAMILY = "1,2";
			};
			name = Debug;
		};
		BDC42F352891B8D2000C60DB /* Release */ = {
			isa = XCBuildConfiguration;
			buildSettings = {
				ASSETCATALOG_COMPILER_APPICON_NAME = AppIcon;
				ASSETCATALOG_COMPILER_GLOBAL_ACCENT_COLOR_NAME = AccentColor;
				CODE_SIGN_STYLE = Automatic;
				CURRENT_PROJECT_VERSION = 1;
				GENERATE_INFOPLIST_FILE = YES;
				INFOPLIST_FILE = aboutMee/Info.plist;
				INFOPLIST_KEY_UIApplicationSupportsIndirectInputEvents = YES;
				INFOPLIST_KEY_UILaunchStoryboardName = LaunchScreen;
				INFOPLIST_KEY_UIMainStoryboardFile = Main;
				INFOPLIST_KEY_UISupportedInterfaceOrientations_iPad = "UIInterfaceOrientationPortrait UIInterfaceOrientationPortraitUpsideDown UIInterfaceOrientationLandscapeLeft UIInterfaceOrientationLandscapeRight";
				INFOPLIST_KEY_UISupportedInterfaceOrientations_iPhone = "UIInterfaceOrientationPortrait UIInterfaceOrientationLandscapeLeft UIInterfaceOrientationLandscapeRight";
				LD_RUNPATH_SEARCH_PATHS = (
					"$(inherited)",
					"@executable_path/Frameworks",
				);
				MARKETING_VERSION = 1.0;
				PRODUCT_BUNDLE_IDENTIFIER = kwk.aboutMee;
				PRODUCT_NAME = "$(TARGET_NAME)";
				SWIFT_EMIT_LOC_STRINGS = YES;
				SWIFT_VERSION = 5.0;
				TARGETED_DEVICE_FAMILY = "1,2";
			};
			name = Release;
		};
		BDC42F372891B8D2000C60DB /* Debug */ = {
			isa = XCBuildConfiguration;
			buildSettings = {
				ALWAYS_EMBED_SWIFT_STANDARD_LIBRARIES = YES;
				BUNDLE_LOADER = "$(TEST_HOST)";
				CODE_SIGN_STYLE = Automatic;
				CURRENT_PROJECT_VERSION = 1;
				GENERATE_INFOPLIST_FILE = YES;
				IPHONEOS_DEPLOYMENT_TARGET = 15.5;
				MARKETING_VERSION = 1.0;
				PRODUCT_BUNDLE_IDENTIFIER = kwk.aboutMeeTests;
				PRODUCT_NAME = "$(TARGET_NAME)";
				SWIFT_EMIT_LOC_STRINGS = NO;
				SWIFT_VERSION = 5.0;
				TARGETED_DEVICE_FAMILY = "1,2";
				TEST_HOST = "$(BUILT_PRODUCTS_DIR)/aboutMee.app/aboutMee";
			};
			name = Debug;
		};
		BDC42F382891B8D2000C60DB /* Release */ = {
			isa = XCBuildConfiguration;
			buildSettings = {
				ALWAYS_EMBED_SWIFT_STANDARD_LIBRARIES = YES;
				BUNDLE_LOADER = "$(TEST_HOST)";
				CODE_SIGN_STYLE = Automatic;
				CURRENT_PROJECT_VERSION = 1;
				GENERATE_INFOPLIST_FILE = YES;
				IPHONEOS_DEPLOYMENT_TARGET = 15.5;
				MARKETING_VERSION = 1.0;
				PRODUCT_BUNDLE_IDENTIFIER = kwk.aboutMeeTests;
				PRODUCT_NAME = "$(TARGET_NAME)";
				SWIFT_EMIT_LOC_STRINGS = NO;
				SWIFT_VERSION = 5.0;
				TARGETED_DEVICE_FAMILY = "1,2";
				TEST_HOST = "$(BUILT_PRODUCTS_DIR)/aboutMee.app/aboutMee";
			};
			name = Release;
		};
		BDC42F3A2891B8D2000C60DB /* Debug */ = {
			isa = XCBuildConfiguration;
			buildSettings = {
				ALWAYS_EMBED_SWIFT_STANDARD_LIBRARIES = YES;
				CODE_SIGN_STYLE = Automatic;
				CURRENT_PROJECT_VERSION = 1;
				GENERATE_INFOPLIST_FILE = YES;
				MARKETING_VERSION = 1.0;
				PRODUCT_BUNDLE_IDENTIFIER = kwk.aboutMeeUITests;
				PRODUCT_NAME = "$(TARGET_NAME)";
				SWIFT_EMIT_LOC_STRINGS = NO;
				SWIFT_VERSION = 5.0;
				TARGETED_DEVICE_FAMILY = "1,2";
				TEST_TARGET_NAME = aboutMee;
			};
			name = Debug;
		};
		BDC42F3B2891B8D2000C60DB /* Release */ = {
			isa = XCBuildConfiguration;
			buildSettings = {
				ALWAYS_EMBED_SWIFT_STANDARD_LIBRARIES = YES;
				CODE_SIGN_STYLE = Automatic;
				CURRENT_PROJECT_VERSION = 1;
				GENERATE_INFOPLIST_FILE = YES;
				MARKETING_VERSION = 1.0;
				PRODUCT_BUNDLE_IDENTIFIER = kwk.aboutMeeUITests;
				PRODUCT_NAME = "$(TARGET_NAME)";
				SWIFT_EMIT_LOC_STRINGS = NO;
				SWIFT_VERSION = 5.0;
				TARGETED_DEVICE_FAMILY = "1,2";
				TEST_TARGET_NAME = aboutMee;
			};
			name = Release;
		};
/* End XCBuildConfiguration section */

/* Begin XCConfigurationList section */
		BDC42F042891B8D0000C60DB /* Build configuration list for PBXProject "aboutMee" */ = {
			isa = XCConfigurationList;
			buildConfigurations = (
				BDC42F312891B8D2000C60DB /* Debug */,
				BDC42F322891B8D2000C60DB /* Release */,
			);
			defaultConfigurationIsVisible = 0;
			defaultConfigurationName = Release;
		};
		BDC42F332891B8D2000C60DB /* Build configuration list for PBXNativeTarget "aboutMee" */ = {
			isa = XCConfigurationList;
			buildConfigurations = (
				BDC42F342891B8D2000C60DB /* Debug */,
				BDC42F352891B8D2000C60DB /* Release */,
			);
			defaultConfigurationIsVisible = 0;
			defaultConfigurationName = Release;
		};
		BDC42F362891B8D2000C60DB /* Build configuration list for PBXNativeTarget "aboutMeeTests" */ = {
			isa = XCConfigurationList;
			buildConfigurations = (
				BDC42F372891B8D2000C60DB /* Debug */,
				BDC42F382891B8D2000C60DB /* Release */,
			);
			defaultConfigurationIsVisible = 0;
			defaultConfigurationName = Release;
		};
		BDC42F392891B8D2000C60DB /* Build configuration list for PBXNativeTarget "aboutMeeUITests" */ = {
			isa = XCConfigurationList;
			buildConfigurations = (
				BDC42F3A2891B8D2000C60DB /* Debug */,
				BDC42F3B2891B8D2000C60DB /* Release */,
			);
			defaultConfigurationIsVisible = 0;
			defaultConfigurationName = Release;
		};
/* End XCConfigurationList section */
	};
	rootObject = BDC42F012891B8D0000C60DB /* Project object */;
}
